
Microsoft Visual Studio Solution File, Format Version 12.00
# Visual Studio Version 17
VisualStudioVersion = 17.13.35825.156 d17.13
MinimumVisualStudioVersion = 10.0.40219.1
Project("{FAE04EC0-301F-11D3-BF4B-00C04F79EFBC}") = "TaskManagementSystem", "TaskManagementSystem.csproj", "{2B8CD223-9635-4842-A94B-ADC944EF7276}"
EndProject
Global
	GlobalSection(SolutionConfigurationPlatforms) = preSolution
		Debug|Any CPU = Debug|Any CPU
		Release|Any CPU = Release|Any CPU
	EndGlobalSection
	GlobalSection(ProjectConfigurationPlatforms) = postSolution
		{2B8CD223-9635-4842-A94B-ADC944EF7276}.Debug|Any CPU.ActiveCfg = Debug|Any CPU
		{2B8CD223-9635-4842-A94B-ADC944EF7276}.Debug|Any CPU.Build.0 = Debug|Any CPU
		{2B8CD223-9635-4842-A94B-ADC944EF7276}.Release|Any CPU.ActiveCfg = Release|Any CPU
		{2B8CD223-9635-4842-A94B-ADC944EF7276}.Release|Any CPU.Build.0 = Release|Any CPU
	EndGlobalSection
	GlobalSection(SolutionProperties) = preSolution
		HideSolutionNode = FALSE
	EndGlobalSection
	GlobalSection(ExtensibilityGlobals) = postSolution
		SolutionGuid = {B5ABB8B2-2882-45C0-A8CD-8645186BA806}
	EndGlobalSection
EndGlobal
